# THIS IS AN AUTOGENERATED FILE. DO NOT EDIT THIS FILE DIRECTLY.
# yarn lockfile v1


"@cspotcode/source-map-consumer@0.8.0":
  version "0.8.0"
  resolved "https://registry.yarnpkg.com/@cspotcode/source-map-consumer/-/source-map-consumer-0.8.0.tgz#33bf4b7b39c178821606f669bbc447a6a629786b"
  integrity sha512-41qniHzTU8yAGbCp04ohlmSrZf8bkf/iJsl3V0dRGsQN/5GFfx+LbCSsCpp2gqrqjTVg/K6O8ycoV35JIwAzAg==

"@cspotcode/source-map-support@0.7.0":
  version "0.7.0"
  resolved "https://registry.yarnpkg.com/@cspotcode/source-map-support/-/source-map-support-0.7.0.tgz#4789840aa859e46d2f3173727ab707c66bf344f5"
  integrity sha512-X4xqRHqN8ACt2aHVe51OxeA2HjbcL4MqFqXkrmQszJ1NOUuUu5u6Vqx/0lZSVNku7velL5FC/s5uEAj1lsBMhA==
  dependencies:
    "@cspotcode/source-map-consumer" "0.8.0"

"@octokit/auth-token@^4.0.0":
  version "4.0.0"
  resolved "https://registry.yarnpkg.com/@octokit/auth-token/-/auth-token-4.0.0.tgz#40d203ea827b9f17f42a29c6afb93b7745ef80c7"
  integrity sha512-tY/msAuJo6ARbK6SPIxZrPBms3xPbfwBrulZe0Wtr/DIY9lje2HeV1uoebShn6mx7SjCHif6EjMvoREj+gZ+SA==

"@octokit/core@^5.0.0":
  version "5.0.2"
  resolved "https://registry.yarnpkg.com/@octokit/core/-/core-5.0.2.tgz#ae7c5d61fdd98ba348a27c3cc510879a130b1234"
  integrity sha512-cZUy1gUvd4vttMic7C0lwPed8IYXWYp8kHIMatyhY8t8n3Cpw2ILczkV5pGMPqef7v0bLo0pOHrEHarsau2Ydg==
  dependencies:
    "@octokit/auth-token" "^4.0.0"
    "@octokit/graphql" "^7.0.0"
    "@octokit/request" "^8.0.2"
    "@octokit/request-error" "^5.0.0"
    "@octokit/types" "^12.0.0"
    before-after-hook "^2.2.0"
    universal-user-agent "^6.0.0"

"@octokit/endpoint@^9.0.0":
  version "9.0.4"
  resolved "https://registry.yarnpkg.com/@octokit/endpoint/-/endpoint-9.0.4.tgz#8afda5ad1ffc3073d08f2b450964c610b821d1ea"
  integrity sha512-DWPLtr1Kz3tv8L0UvXTDP1fNwM0S+z6EJpRcvH66orY6Eld4XBMCSYsaWp4xIm61jTWxK68BrR7ibO+vSDnZqw==
  dependencies:
    "@octokit/types" "^12.0.0"
    universal-user-agent "^6.0.0"

"@octokit/graphql@^7.0.0":
  version "7.0.2"
  resolved "https://registry.yarnpkg.com/@octokit/graphql/-/graphql-7.0.2.tgz#3df14b9968192f9060d94ed9e3aa9780a76e7f99"
  integrity sha512-OJ2iGMtj5Tg3s6RaXH22cJcxXRi7Y3EBqbHTBRq+PQAqfaS8f/236fUrWhfSn8P4jovyzqucxme7/vWSSZBX2Q==
  dependencies:
    "@octokit/request" "^8.0.1"
    "@octokit/types" "^12.0.0"
    universal-user-agent "^6.0.0"

"@octokit/openapi-types@^19.1.0":
  version "19.1.0"
  resolved "https://registry.yarnpkg.com/@octokit/openapi-types/-/openapi-types-19.1.0.tgz#75ec7e64743870fc73e1ab4bc6ec252ecdd624dc"
  integrity sha512-6G+ywGClliGQwRsjvqVYpklIfa7oRPA0vyhPQG/1Feh+B+wU0vGH1JiJ5T25d3g1JZYBHzR2qefLi9x8Gt+cpw==

"@octokit/plugin-paginate-rest@^9.0.0":
  version "9.1.5"
  resolved "https://registry.yarnpkg.com/@octokit/plugin-paginate-rest/-/plugin-paginate-rest-9.1.5.tgz#1705bcef4dcde1f4015ee58a63dc61b68648f480"
  integrity sha512-WKTQXxK+bu49qzwv4qKbMMRXej1DU2gq017euWyKVudA6MldaSSQuxtz+vGbhxV4CjxpUxjZu6rM2wfc1FiWVg==
  dependencies:
    "@octokit/types" "^12.4.0"

"@octokit/plugin-request-log@^4.0.0":
  version "4.0.0"
  resolved "https://registry.yarnpkg.com/@octokit/plugin-request-log/-/plugin-request-log-4.0.0.tgz#260fa6970aa97bbcbd91f99f3cd812e2b285c9f1"
  integrity sha512-2uJI1COtYCq8Z4yNSnM231TgH50bRkheQ9+aH8TnZanB6QilOnx8RMD2qsnamSOXtDj0ilxvevf5fGsBhBBzKA==

"@octokit/plugin-rest-endpoint-methods@^10.0.0":
  version "10.2.0"
  resolved "https://registry.yarnpkg.com/@octokit/plugin-rest-endpoint-methods/-/plugin-rest-endpoint-methods-10.2.0.tgz#eeaa4de97a2ae26404dea30ce3e17b11928e027c"
  integrity sha512-ePbgBMYtGoRNXDyKGvr9cyHjQ163PbwD0y1MkDJCpkO2YH4OeXX40c4wYHKikHGZcpGPbcRLuy0unPUuafco8Q==
  dependencies:
    "@octokit/types" "^12.3.0"

"@octokit/request-error@^5.0.0":
  version "5.0.1"
  resolved "https://registry.yarnpkg.com/@octokit/request-error/-/request-error-5.0.1.tgz#277e3ce3b540b41525e07ba24c5ef5e868a72db9"
  integrity sha512-X7pnyTMV7MgtGmiXBwmO6M5kIPrntOXdyKZLigNfQWSEQzVxR4a4vo49vJjTWX70mPndj8KhfT4Dx+2Ng3vnBQ==
  dependencies:
    "@octokit/types" "^12.0.0"
    deprecation "^2.0.0"
    once "^1.4.0"

"@octokit/request@^8.0.1", "@octokit/request@^8.0.2":
  version "8.1.6"
  resolved "https://registry.yarnpkg.com/@octokit/request/-/request-8.1.6.tgz#a76a859c30421737a3918b40973c2ff369009571"
  integrity sha512-YhPaGml3ncZC1NfXpP3WZ7iliL1ap6tLkAp6MvbK2fTTPytzVUyUesBBogcdMm86uRYO5rHaM1xIWxigWZ17MQ==
  dependencies:
    "@octokit/endpoint" "^9.0.0"
    "@octokit/request-error" "^5.0.0"
    "@octokit/types" "^12.0.0"
    universal-user-agent "^6.0.0"

"@octokit/rest@^20.0.2":
  version "20.0.2"
  resolved "https://registry.yarnpkg.com/@octokit/rest/-/rest-20.0.2.tgz#5cc8871ba01b14604439049e5f06c74b45c99594"
  integrity sha512-Ux8NDgEraQ/DMAU1PlAohyfBBXDwhnX2j33Z1nJNziqAfHi70PuxkFYIcIt8aIAxtRE7KVuKp8lSR8pA0J5iOQ==
  dependencies:
    "@octokit/core" "^5.0.0"
    "@octokit/plugin-paginate-rest" "^9.0.0"
    "@octokit/plugin-request-log" "^4.0.0"
    "@octokit/plugin-rest-endpoint-methods" "^10.0.0"

"@octokit/types@^12.0.0", "@octokit/types@^12.3.0", "@octokit/types@^12.4.0":
  version "12.4.0"
  resolved "https://registry.yarnpkg.com/@octokit/types/-/types-12.4.0.tgz#8f97b601e91ce6b9776ed8152217e77a71be7aac"
  integrity sha512-FLWs/AvZllw/AGVs+nJ+ELCDZZJk+kY0zMen118xhL2zD0s1etIUHm1odgjP7epxYU1ln7SZxEUWYop5bhsdgQ==
  dependencies:
    "@octokit/openapi-types" "^19.1.0"

"@tsconfig/node10@^1.0.7":
  version "1.0.8"
  resolved "https://registry.yarnpkg.com/@tsconfig/node10/-/node10-1.0.8.tgz#c1e4e80d6f964fbecb3359c43bd48b40f7cadad9"
  integrity sha512-6XFfSQmMgq0CFLY1MslA/CPUfhIL919M1rMsa5lP2P097N2Wd1sSX0tx1u4olM16fLNhtHZpRhedZJphNJqmZg==

"@tsconfig/node12@^1.0.7":
  version "1.0.9"
  resolved "https://registry.yarnpkg.com/@tsconfig/node12/-/node12-1.0.9.tgz#62c1f6dee2ebd9aead80dc3afa56810e58e1a04c"
  integrity sha512-/yBMcem+fbvhSREH+s14YJi18sp7J9jpuhYByADT2rypfajMZZN4WQ6zBGgBKp53NKmqI36wFYDb3yaMPurITw==

"@tsconfig/node14@^1.0.0":
  version "1.0.1"
  resolved "https://registry.yarnpkg.com/@tsconfig/node14/-/node14-1.0.1.tgz#95f2d167ffb9b8d2068b0b235302fafd4df711f2"
  integrity sha512-509r2+yARFfHHE7T6Puu2jjkoycftovhXRqW328PDXTVGKihlb1P8Z9mMZH04ebyajfRY7dedfGynlrFHJUQCg==

"@tsconfig/node16@^1.0.2":
  version "1.0.2"
  resolved "https://registry.yarnpkg.com/@tsconfig/node16/-/node16-1.0.2.tgz#423c77877d0569db20e1fc80885ac4118314010e"
  integrity sha512-eZxlbI8GZscaGS7kkc/trHTT5xgrjH3/1n2JDwusC9iahPKWMRvRjJSAN5mCXviuTGQ/lHnhvv8Q1YTpnfz9gA==

"@types/node@^17.0.17":
  version "17.0.17"
  resolved "https://registry.yarnpkg.com/@types/node/-/node-17.0.17.tgz#a8ddf6e0c2341718d74ee3dc413a13a042c45a0c"
  integrity sha512-e8PUNQy1HgJGV3iU/Bp2+D/DXh3PYeyli8LgIwsQcs1Ar1LoaWHSIT6Rw+H2rNJmiq6SNWiDytfx8+gYj7wDHw==

acorn-walk@^8.1.1:
  version "8.2.0"
  resolved "https://registry.yarnpkg.com/acorn-walk/-/acorn-walk-8.2.0.tgz#741210f2e2426454508853a2f44d0ab83b7f69c1"
  integrity sha512-k+iyHEuPgSw6SbuDpGQM+06HQUa04DZ3o+F6CSzXMvvI5KMvnaEqXe+YVe555R9nn6GPt404fos4wcgpw12SDA==

acorn@^8.4.1:
  version "8.7.0"
  resolved "https://registry.yarnpkg.com/acorn/-/acorn-8.7.0.tgz#90951fde0f8f09df93549481e5fc141445b791cf"
  integrity sha512-V/LGr1APy+PXIwKebEWrkZPwoeoF+w1jiOBUmuxuiUIaOHtob8Qc9BTrYo7VuI5fR8tqsy+buA2WFooR5olqvQ==

arg@^4.1.0:
  version "4.1.3"
  resolved "https://registry.yarnpkg.com/arg/-/arg-4.1.3.tgz#269fc7ad5b8e42cb63c896d5666017261c144089"
  integrity sha512-58S9QDqG0Xx27YwPSt9fJxivjYl432YCwfDMfZ+71RAqUrZef7LrKQZ3LHLOwCS4FLNBplP533Zx895SeOCHvA==

before-after-hook@^2.2.0:
  version "2.2.2"
  resolved "https://registry.yarnpkg.com/before-after-hook/-/before-after-hook-2.2.2.tgz#a6e8ca41028d90ee2c24222f201c90956091613e"
  integrity sha512-3pZEU3NT5BFUo/AD5ERPWOgQOCZITni6iavr5AUw5AUwQjMlI0kzu5btnyD39AF0gUEsDPwJT+oY1ORBJijPjQ==

create-require@^1.1.0:
  version "1.1.1"
  resolved "https://registry.yarnpkg.com/create-require/-/create-require-1.1.1.tgz#c1d7e8f1e5f6cfc9ff65f9cd352d37348756c333"
  integrity sha512-dcKFX3jn0MpIaXjisoRvexIJVEKzaq7z2rZKxf+MSr9TkdmHmsU4m2lcLojrj/FHl8mk5VxMmYA+ftRkP/3oKQ==

deprecation@^2.0.0:
  version "2.3.1"
  resolved "https://registry.yarnpkg.com/deprecation/-/deprecation-2.3.1.tgz#6368cbdb40abf3373b525ac87e4a260c3a700919"
  integrity sha512-xmHIy4F3scKVwMsQ4WnVaS8bHOx0DmVwRywosKhaILI0ywMDWPtBSku2HNxRvF7jtwDRsoEwYQSfbxj8b7RlJQ==

diff@^4.0.1:
  version "4.0.2"
  resolved "https://registry.yarnpkg.com/diff/-/diff-4.0.2.tgz#60f3aecb89d5fae520c11aa19efc2bb982aade7d"
  integrity sha512-58lmxKSA4BNyLz+HHMUzlOEpg09FV+ev6ZMe3vJihgdxzgcwZ8VoEEPmALCZG9LmqfVoNMMKpttIYTVG6uDY7A==

make-error@^1.1.1:
  version "1.3.6"
  resolved "https://registry.yarnpkg.com/make-error/-/make-error-1.3.6.tgz#2eb2e37ea9b67c4891f684a1394799af484cf7a2"
  integrity sha512-s8UhlNe7vPKomQhC1qFelMokr/Sc3AgNbso3n74mVPA5LTZwkB9NlXf4XPamLxJE8h0gh73rM94xvwRT2CVInw==

once@^1.4.0:
  version "1.4.0"
  resolved "https://registry.yarnpkg.com/once/-/once-1.4.0.tgz#583b1aa775961d4b113ac17d9c50baef9dd76bd1"
  integrity sha1-WDsap3WWHUsROsF9nFC6753Xa9E=
  dependencies:
    wrappy "1"

ts-node@^10.5.0:
  version "10.5.0"
  resolved "https://registry.yarnpkg.com/ts-node/-/ts-node-10.5.0.tgz#618bef5854c1fbbedf5e31465cbb224a1d524ef9"
  integrity sha512-6kEJKwVxAJ35W4akuiysfKwKmjkbYxwQMTBaAxo9KKAx/Yd26mPUyhGz3ji+EsJoAgrLqVsYHNuuYwQe22lbtw==
  dependencies:
    "@cspotcode/source-map-support" "0.7.0"
    "@tsconfig/node10" "^1.0.7"
    "@tsconfig/node12" "^1.0.7"
    "@tsconfig/node14" "^1.0.0"
    "@tsconfig/node16" "^1.0.2"
    acorn "^8.4.1"
    acorn-walk "^8.1.1"
    arg "^4.1.0"
    create-require "^1.1.0"
    diff "^4.0.1"
    make-error "^1.1.1"
    v8-compile-cache-lib "^3.0.0"
    yn "3.1.1"

typescript@^4.5.5:
  version "4.5.5"
  resolved "https://registry.yarnpkg.com/typescript/-/typescript-4.5.5.tgz#d8c953832d28924a9e3d37c73d729c846c5896f3"
  integrity sha512-TCTIul70LyWe6IJWT8QSYeA54WQe8EjQFU4wY52Fasj5UKx88LNYKCgBEHcOMOrFF1rKGbD8v/xcNWVUq9SymA==

universal-user-agent@^6.0.0:
  version "6.0.0"
  resolved "https://registry.yarnpkg.com/universal-user-agent/-/universal-user-agent-6.0.0.tgz#3381f8503b251c0d9cd21bc1de939ec9df5480ee"
  integrity sha512-isyNax3wXoKaulPDZWHQqbmIx1k2tb9fb3GGDBRxCscfYV2Ch7WxPArBsFEG8s/safwXTT7H4QGhaIkTp9447w==

v8-compile-cache-lib@^3.0.0:
  version "3.0.0"
  resolved "https://registry.yarnpkg.com/v8-compile-cache-lib/-/v8-compile-cache-lib-3.0.0.tgz#0582bcb1c74f3a2ee46487ceecf372e46bce53e8"
  integrity sha512-mpSYqfsFvASnSn5qMiwrr4VKfumbPyONLCOPmsR3A6pTY/r0+tSaVbgPWSAIuzbk3lCTa+FForeTiO+wBQGkjA==

wrappy@1:
  version "1.0.2"
  resolved "https://registry.yarnpkg.com/wrappy/-/wrappy-1.0.2.tgz#b5243d8f3ec1aa35f1364605bc0d1036e30ab69f"
  integrity sha1-tSQ9jz7BqjXxNkYFvA0QNuMKtp8=

yaml@^1.10.2:
  version "1.10.2"
  resolved "https://registry.yarnpkg.com/yaml/-/yaml-1.10.2.tgz#2301c5ffbf12b467de8da2333a459e29e7920e4b"
  integrity sha512-r3vXyErRCYJ7wg28yvBY5VSoAF8ZvlcW9/BwUzEtUsjvX/DKs24dIkuwjtuprwJJHsbyUbLApepYTR1BN4uHrg==

yn@3.1.1:
  version "3.1.1"
  resolved "https://registry.yarnpkg.com/yn/-/yn-3.1.1.tgz#1e87401a09d767c1d5eab26a6e4c185182d2eb50"
  integrity sha512-Ux4ygGWsu2c7isFWe8Yu1YluJmqVhxqK2cLXNQA5AcC3QfbGNpM7fu0Y8b/z16pXLnFxZYvWhd3fhBY9DLmC6Q==
